<?xml version="1.0" encoding="utf-8"?>
<Project ToolsVersion="4.0" xmlns="http://schemas.microsoft.com/developer/msbuild/2003">
  <ItemGroup>
    <Filter Include="Source Files">
      <UniqueIdentifier>{4FC737F1-C7A5-4376-A066-2A32D752A2FF}</UniqueIdentifier>
      <Extensions>cpp;c;cc;cxx;c++;cppm;ixx;def;odl;idl;hpj;bat;asm;asmx</Extensions>
    </Filter>
    <Filter Include="Header Files">
      <UniqueIdentifier>{93995380-89BD-4b04-88EB-625FBE52EBFB}</UniqueIdentifier>
      <Extensions>h;hh;hpp;hxx;h++;hm;inl;inc;ipp;xsd</Extensions>
    </Filter>
    <Filter Include="Resource Files">
      <UniqueIdentifier>{67DA6AB6-F800-4c08-8B7A-83BB121AAD01}</UniqueIdentifier>
      <Extensions>rc;ico;cur;bmp;dlg;rc2;rct;bin;rgs;gif;jpg;jpeg;jpe;resx;tiff;tif;png;wav;mfcribbon-ms</Extensions>
    </Filter>
    <Filter Include="Header Files\Accounts">
      <UniqueIdentifier>{671f5f72-6781-4d96-a053-e3b65d5d3d19}</UniqueIdentifier>
    </Filter>
    <Filter Include="Source Files\Accounts">
      <UniqueIdentifier>{0b87ff53-e30a-4af6-904d-e08839cc554a}</UniqueIdentifier>
    </Filter>
    <Filter Include="Header Files\Exceptions">
      <UniqueIdentifier>{14b5a26b-a0e0-431f-929b-4524a50eaf1a}</UniqueIdentifier>
    </Filter>
    <Filter Include="Source Files\Exceptions">
      <UniqueIdentifier>{6745b24a-a6ce-4b15-9af5-95aeadaf378a}</UniqueIdentifier>
    </Filter>
  </ItemGroup>
  <ItemGroup>
    <ClCompile Include="Accounts\Account.cpp">
      <Filter>Source Files</Filter>
    </ClCompile>
    <ClCompile Include="Accounts\Current.cpp">
      <Filter>Source Files</Filter>
    </ClCompile>
    <ClCompile Include="Accounts\Savings.cpp">
      <Filter>Source Files</Filter>
    </ClCompile>
    <ClCompile Include="Exceptions\IncorrectAmountOfArguments.cpp">
      <Filter>Source Files</Filter>
    </ClCompile>
    <ClCompile Include="Exceptions\IncorrectArgumentTypes.cpp">
      <Filter>Source Files</Filter>
    </ClCompile>
    <ClCompile Include="Exceptions\IncorrectArgumentValue.cpp">
      <Filter>Source Files</Filter>
    </ClCompile>
    <ClCompile Include="InputParser.cpp">
      <Filter>Source Files</Filter>
    </ClCompile>
    <ClCompile Include="InterestEarning.cpp">
      <Filter>Source Files</Filter>
    </ClCompile>
    <ClCompile Include="LincBank.cpp">
      <Filter>Source Files</Filter>
    </ClCompile>
    <ClCompile Include="Transaction.cpp">
      <Filter>Source Files</Filter>
    </ClCompile>
    <ClCompile Include="AccountFactories\AccountFactory.cpp">
      <Filter>Source Files</Filter>
    </ClCompile>
  </ItemGroup>
  <ItemGroup>
    <ClInclude Include="Accounts\Account.h">
      <Filter>Header Files</Filter>
    </ClInclude>
    <ClInclude Include="Accounts\Current.h">
      <Filter>Header Files</Filter>
    </ClInclude>
    <ClInclude Include="Accounts\Savings.h">
      <Filter>Header Files</Filter>
    </ClInclude>
    <ClInclude Include="Exceptions\IncorrectAmountOfArguments.h">
      <Filter>Header Files</Filter>
    </ClInclude>
    <ClInclude Include="Exceptions\IncorrectArgumentTypes.h">
      <Filter>Header Files</Filter>
    </ClInclude>
    <ClInclude Include="Exceptions\IncorrectArgumentValue.h">
      <Filter>Header Files</Filter>
    </ClInclude>
    <ClInclude Include="InputParser.h">
      <Filter>Header Files</Filter>
    </ClInclude>
    <ClInclude Include="InterestEarning.h">
      <Filter>Header Files</Filter>
    </ClInclude>
    <ClInclude Include="Transaction.h">
      <Filter>Header Files</Filter>
    </ClInclude>
    <ClInclude Include="AccountFactories\AccountFactory.h">
      <Filter>Header Files</Filter>
    </ClInclude>
  </ItemGroup>
  <ItemGroup>
    <None Include="BankingCode.vcxproj" />
  </ItemGroup>
</Project>